
Microsoft Visual Studio Solution File, Format Version 12.00
# Visual Studio Version 16
VisualStudioVersion = 16.0.30309.148
MinimumVisualStudioVersion = 10.0.40219.1
Project("{FAE04EC0-301F-11D3-BF4B-00C04F79EFBC}") = "NewLife", "NewLife\NewLife.csproj", "{19243C78-B266-4F80-9439-B15B687CBC1D}"
EndProject
Global
	GlobalSection(SolutionConfigurationPlatforms) = preSolution
		Debug|Any CPU = Debug|Any CPU
		Release|Any CPU = Release|Any CPU
	EndGlobalSection
	GlobalSection(ProjectConfigurationPlatforms) = postSolution
		{19243C78-B266-4F80-9439-B15B687CBC1D}.Debug|Any CPU.ActiveCfg = Debug|Any CPU
		{19243C78-B266-4F80-9439-B15B687CBC1D}.Debug|Any CPU.Build.0 = Debug|Any CPU
		{19243C78-B266-4F80-9439-B15B687CBC1D}.Release|Any CPU.ActiveCfg = Release|Any CPU
		{19243C78-B266-4F80-9439-B15B687CBC1D}.Release|Any CPU.Build.0 = Release|Any CPU
	EndGlobalSection
	GlobalSection(SolutionProperties) = preSolution
		HideSolutionNode = FALSE
	EndGlobalSection
	GlobalSection(ExtensibilityGlobals) = postSolution
		SolutionGuid = {B206F4C3-2333-4314-ADF2-BFBDF93D46F9}
	EndGlobalSection
EndGlobal
